Microsoft Visual Studio Solution File, Format Version 12.00
# Visual Studio 2012
Project("{FAE04EC0-301F-11D3-BF4B-00C04F79EFBC}") = "Godot 2D", "Godot 2D.csproj", "{377F1C74-4B92-4457-9437-DA7355CD81D9}"
EndProject
Global
	GlobalSection(SolutionConfigurationPlatforms) = preSolution
	Debug|Any CPU = Debug|Any CPU
	ExportDebug|Any CPU = ExportDebug|Any CPU
	ExportRelease|Any CPU = ExportRelease|Any CPU
	EndGlobalSection
	GlobalSection(ProjectConfigurationPlatforms) = postSolution
		{377F1C74-4B92-4457-9437-DA7355CD81D9}.Debug|Any CPU.ActiveCfg = Debug|Any CPU
		{377F1C74-4B92-4457-9437-DA7355CD81D9}.Debug|Any CPU.Build.0 = Debug|Any CPU
		{377F1C74-4B92-4457-9437-DA7355CD81D9}.ExportDebug|Any CPU.ActiveCfg = ExportDebug|Any CPU
		{377F1C74-4B92-4457-9437-DA7355CD81D9}.ExportDebug|Any CPU.Build.0 = ExportDebug|Any CPU
		{377F1C74-4B92-4457-9437-DA7355CD81D9}.ExportRelease|Any CPU.ActiveCfg = ExportRelease|Any CPU
		{377F1C74-4B92-4457-9437-DA7355CD81D9}.ExportRelease|Any CPU.Build.0 = ExportRelease|Any CPU
	EndGlobalSection
EndGlobal
